
Microsoft Visual Studio Solution File, Format Version 12.00
# Visual Studio Version 17
VisualStudioVersion = 17.9.34714.143
MinimumVisualStudioVersion = 10.0.40219.1
Project("{FAE04EC0-301F-11D3-BF4B-00C04F79EFBC}") = "Exam3_0", "Exam3_0\Exam3_0.csproj", "{D3F9B179-91A7-448B-9B1F-4DBABFB440CD}"
EndProject
Project("{FAE04EC0-301F-11D3-BF4B-00C04F79EFBC}") = "BookContext", "BookContext\BookContext.csproj", "{6F7E6C71-D4AF-4544-AD84-F6D8DC0FC895}"
EndProject
Global
	GlobalSection(SolutionConfigurationPlatforms) = preSolution
		Debug|Any CPU = Debug|Any CPU
		Release|Any CPU = Release|Any CPU
	EndGlobalSection
	GlobalSection(ProjectConfigurationPlatforms) = postSolution
		{D3F9B179-91A7-448B-9B1F-4DBABFB440CD}.Debug|Any CPU.ActiveCfg = Debug|Any CPU
		{D3F9B179-91A7-448B-9B1F-4DBABFB440CD}.Debug|Any CPU.Build.0 = Debug|Any CPU
		{D3F9B179-91A7-448B-9B1F-4DBABFB440CD}.Release|Any CPU.ActiveCfg = Release|Any CPU
		{D3F9B179-91A7-448B-9B1F-4DBABFB440CD}.Release|Any CPU.Build.0 = Release|Any CPU
		{6F7E6C71-D4AF-4544-AD84-F6D8DC0FC895}.Debug|Any CPU.ActiveCfg = Debug|Any CPU
		{6F7E6C71-D4AF-4544-AD84-F6D8DC0FC895}.Debug|Any CPU.Build.0 = Debug|Any CPU
		{6F7E6C71-D4AF-4544-AD84-F6D8DC0FC895}.Release|Any CPU.ActiveCfg = Release|Any CPU
		{6F7E6C71-D4AF-4544-AD84-F6D8DC0FC895}.Release|Any CPU.Build.0 = Release|Any CPU
	EndGlobalSection
	GlobalSection(SolutionProperties) = preSolution
		HideSolutionNode = FALSE
	EndGlobalSection
	GlobalSection(ExtensibilityGlobals) = postSolution
		SolutionGuid = {158642ED-B659-446C-832A-AEF456B1937D}
	EndGlobalSection
EndGlobal
